
Microsoft Visual Studio Solution File, Format Version 12.00
# Visual Studio Version 16
VisualStudioVersion = 16.0.32228.343
MinimumVisualStudioVersion = 10.0.40219.1
Project("{FAE04EC0-301F-11D3-BF4B-00C04F79EFBC}") = "2_semester_obl_2", "2_semester_obl_2\2_semester_obl_2.csproj", "{739FD72D-1067-42F3-92F2-58F143C8DFCF}"
EndProject
Global
	GlobalSection(SolutionConfigurationPlatforms) = preSolution
		Debug|Any CPU = Debug|Any CPU
		Release|Any CPU = Release|Any CPU
	EndGlobalSection
	GlobalSection(ProjectConfigurationPlatforms) = postSolution
		{739FD72D-1067-42F3-92F2-58F143C8DFCF}.Debug|Any CPU.ActiveCfg = Debug|Any CPU
		{739FD72D-1067-42F3-92F2-58F143C8DFCF}.Debug|Any CPU.Build.0 = Debug|Any CPU
		{739FD72D-1067-42F3-92F2-58F143C8DFCF}.Release|Any CPU.ActiveCfg = Release|Any CPU
		{739FD72D-1067-42F3-92F2-58F143C8DFCF}.Release|Any CPU.Build.0 = Release|Any CPU
	EndGlobalSection
	GlobalSection(SolutionProperties) = preSolution
		HideSolutionNode = FALSE
	EndGlobalSection
	GlobalSection(ExtensibilityGlobals) = postSolution
		SolutionGuid = {F539178F-FF52-4010-9307-A711DD6C9898}
	EndGlobalSection
EndGlobal
